
Microsoft Visual Studio Solution File, Format Version 12.00
# Visual Studio Version 16
VisualStudioVersion = 16.0.31205.134
MinimumVisualStudioVersion = 10.0.40219.1
Project("{FAE04EC0-301F-11D3-BF4B-00C04F79EFBC}") = "TaskPlusPlus.API", "TaskPlusPlus.API.csproj", "{EDDF66A1-D29F-428F-924C-93D53CC03323}"
EndProject
Global
	GlobalSection(SolutionConfigurationPlatforms) = preSolution
		Debug|Any CPU = Debug|Any CPU
		Release|Any CPU = Release|Any CPU
	EndGlobalSection
	GlobalSection(ProjectConfigurationPlatforms) = postSolution
		{EDDF66A1-D29F-428F-924C-93D53CC03323}.Debug|Any CPU.ActiveCfg = Debug|Any CPU
		{EDDF66A1-D29F-428F-924C-93D53CC03323}.Debug|Any CPU.Build.0 = Debug|Any CPU
		{EDDF66A1-D29F-428F-924C-93D53CC03323}.Release|Any CPU.ActiveCfg = Release|Any CPU
		{EDDF66A1-D29F-428F-924C-93D53CC03323}.Release|Any CPU.Build.0 = Release|Any CPU
	EndGlobalSection
	GlobalSection(SolutionProperties) = preSolution
		HideSolutionNode = FALSE
	EndGlobalSection
	GlobalSection(ExtensibilityGlobals) = postSolution
		SolutionGuid = {3F892B4B-B0BB-4D53-84FE-A6B4ADAB1556}
	EndGlobalSection
EndGlobal
